// !$*UTF8*$!
{
	archiveVersion = 1;
	classes = {
	};
	objectVersion = 50;
	objects = {

/* Begin PBXBuildFile section */
		CCA15ADA20BE5D4A00AF7C89 /* AppDelegate.swift in Sources */ = {isa = PBXBuildFile; fileRef = CCA15AD920BE5D4A00AF7C89 /* AppDelegate.swift */; };
		CCA15ADC20BE5D4A00AF7C89 /* art.scnassets in Resources */ = {isa = PBXBuildFile; fileRef = CCA15ADB20BE5D4A00AF7C89 /* art.scnassets */; };
		CCA15ADE20BE5D4A00AF7C89 /* ViewController.swift in Sources */ = {isa = PBXBuildFile; fileRef = CCA15ADD20BE5D4A00AF7C89 /* ViewController.swift */; };
		CCA15AE120BE5D4A00AF7C89 /* Main.storyboard in Resources */ = {isa = PBXBuildFile; fileRef = CCA15ADF20BE5D4A00AF7C89 /* Main.storyboard */; };
		CCA15AE320BE5D4B00AF7C89 /* Assets.xcassets in Resources */ = {isa = PBXBuildFile; fileRef = CCA15AE220BE5D4B00AF7C89 /* Assets.xcassets */; };
		CCA15AE620BE5D4B00AF7C89 /* LaunchScreen.storyboard in Resources */ = {isa = PBXBuildFile; fileRef = CCA15AE420BE5D4B00AF7C89 /* LaunchScreen.storyboard */; };
/* End PBXBuildFile section */

/* Begin PBXFileReference section */
		CCA15AD620BE5D4A00AF7C89 /* FirstAR.app */ = {isa = PBXFileReference; explicitFileType = wrapper.application; includeInIndex = 0; path = FirstAR.app; sourceTree = BUILT_PRODUCTS_DIR; };
		CCA15AD920BE5D4A00AF7C89 /* AppDelegate.swift */ = {isa = PBXFileReference; lastKnownFileType = sourcecode.swift; path = AppDelegate.swift; sourceTree = "<group>"; };
		CCA15ADB20BE5D4A00AF7C89 /* art.scnassets */ = {isa = PBXFileReference; lastKnownFileType = wrapper.scnassets; path = art.scnassets; sourceTree = "<group>"; };
		CCA15ADD20BE5D4A00AF7C89 /* ViewController.swift */ = {isa = PBXFileReference; lastKnownFileType = sourcecode.swift; path = ViewController.swift; sourceTree = "<group>"; };
		CCA15AE020BE5D4A00AF7C89 /* Base */ = {isa = PBXFileReference; lastKnownFileType = file.storyboard; name = Base; path = Base.lproj/Main.storyboard; sourceTree = "<group>"; };
		CCA15AE220BE5D4B00AF7C89 /* Assets.xcassets */ = {isa = PBXFileReference; lastKnownFileType = folder.assetcatalog; path = Assets.xcassets; sourceTree = "<group>"; };
		CCA15AE520BE5D4B00AF7C89 /* Base */ = {isa = PBXFileReference; lastKnownFileType = file.storyboard; name = Base; path = Base.lproj/LaunchScreen.storyboard; sourceTree = "<group>"; };
		CCA15AE720BE5D4B00AF7C89 /* Info.plist */ = {isa = PBXFileReference; lastKnownFileType = text.plist.xml; path = Info.plist; sourceTree = "<group>"; };
/* End PBXFileReference section */

/* Begin PBXFrameworksBuildPhase section */
		CCA15AD320BE5D4A00AF7C89 /* Frameworks */ = {
			isa = PBXFrameworksBuildPhase;
			buildActionMask = 2147483647;
			files = (
			);
			runOnlyForDeploymentPostprocessing = 0;
		};
/* End PBXFrameworksBuildPhase section */

/* Begin PBXGroup section */
		CCA15ACD20BE5D4A00AF7C89 = {
			isa = PBXGroup;
			children = (
				CCA15AD820BE5D4A00AF7C89 /* FirstAR */,
				CCA15AD720BE5D4A00AF7C89 /* Products */,
			);
			sourceTree = "<group>";
		};
		CCA15AD720BE5D4A00AF7C89 /* Products */ = {
			isa = PBXGroup;
			children = (
				CCA15AD620BE5D4A00AF7C89 /* FirstAR.app */,
			);
			name = Products;
			sourceTree = "<group>";
		};
		CCA15AD820BE5D4A00AF7C89 /* FirstAR */ = {
			isa = PBXGroup;
			children = (
				CCA15AD920BE5D4A00AF7C89 /* AppDelegate.swift */,
				CCA15ADD20BE5D4A00AF7C89 /* ViewController.swift */,
				CCA15ADF20BE5D4A00AF7C89 /* Main.storyboard */,
				CCA15ADB20BE5D4A00AF7C89 /* art.scnassets */,
				CCA15AE220BE5D4B00AF7C89 /* Assets.xcassets */,
				CCA15AE420BE5D4B00AF7C89 /* LaunchScreen.storyboard */,
				CCA15AE720BE5D4B00AF7C89 /* Info.plist */,
			);
			path = FirstAR;
			sourceTree = "<group>";
		};
/* End PBXGroup section */

/* Begin PBXNativeTarget section */
		CCA15AD520BE5D4A00AF7C89 /* FirstAR */ = {
			isa = PBXNativeTarget;
			buildConfigurationList = CCA15AEA20BE5D4B00AF7C89 /* Build configuration list for PBXNativeTarget "FirstAR" */;
			buildPhases = (
				CCA15AD220BE5D4A00AF7C89 /* Sources */,
				CCA15AD320BE5D4A00AF7C89 /* Frameworks */,
				CCA15AD420BE5D4A00AF7C89 /* Resources */,
			);
			buildRules = (
			);
			dependencies = (
			);
			name = FirstAR;
			productName = FirstAR;
			productReference = CCA15AD620BE5D4A00AF7C89 /* FirstAR.app */;
			productType = "com.apple.product-type.application";
		};
/* End PBXNativeTarget section */

/* Begin PBXProject section */
		CCA15ACE20BE5D4A00AF7C89 /* Project object */ = {
			isa = PBXProject;
			attributes = {
				LastSwiftUpdateCheck = 0930;
				LastUpgradeCheck = 0930;
				ORGANIZATIONNAME = "yu xu";
				TargetAttributes = {
					CCA15AD520BE5D4A00AF7C89 = {
						CreatedOnToolsVersion = 9.3.1;
					};
				};
			};
			buildConfigurationList = CCA15AD120BE5D4A00AF7C89 /* Build configuration list for PBXProject "FirstAR" */;
			compatibilityVersion = "Xcode 9.3";
			developmentRegion = en;
			hasScannedForEncodings = 0;
			knownRegions = (
				en,
				Base,
			);
			mainGroup = CCA15ACD20BE5D4A00AF7C89;
			productRefGroup = CCA15AD720BE5D4A00AF7C89 /* Products */;
			projectDirPath = "";
			projectRoot = "";
			targets = (
				CCA15AD520BE5D4A00AF7C89 /* FirstAR */,
			);
		};
/* End PBXProject section */

/* Begin PBXResourcesBuildPhase section */
		CCA15AD420BE5D4A00AF7C89 /* Resources */ = {
			isa = PBXResourcesBuildPhase;
			buildActionMask = 2147483647;
			files = (
				CCA15ADC20BE5D4A00AF7C89 /* art.scnassets in Resources */,
				CCA15AE620BE5D4B00AF7C89 /* LaunchScreen.storyboard in Resources */,
				CCA15AE320BE5D4B00AF7C89 /* Assets.xcassets in Resources */,
				CCA15AE120BE5D4A00AF7C89 /* Main.storyboard in Resources */,
			);
			runOnlyForDeploymentPostprocessing = 0;
		};
/* End PBXResourcesBuildPhase section */

/* Begin PBXSourcesBuildPhase section */
		CCA15AD220BE5D4A00AF7C89 /* Sources */ = {
			isa = PBXSourcesBuildPhase;
			buildActionMask = 2147483647;
			files = (
				CCA15ADE20BE5D4A00AF7C89 /* ViewController.swift in Sources */,
				CCA15ADA20BE5D4A00AF7C89 /* AppDelegate.swift in Sources */,
			);
			runOnlyForDeploymentPostprocessing = 0;
		};
/* End PBXSourcesBuildPhase section */

/* Begin PBXVariantGroup section */
		CCA15ADF20BE5D4A00AF7C89 /* Main.storyboard */ = {
			isa = PBXVariantGroup;
			children = (
				CCA15AE020BE5D4A00AF7C89 /* Base */,
			);
			name = Main.storyboard;
			sourceTree = "<group>";
		};
		CCA15AE420BE5D4B00AF7C89 /* LaunchScreen.storyboard */ = {
			isa = PBXVariantGroup;
			children = (
				CCA15AE520BE5D4B00AF7C89 /* Base */,
			);
			name = LaunchScreen.storyboard;
			sourceTree = "<group>";
		};
/* End PBXVariantGroup section */

/* Begin XCBuildConfiguration section */
		CCA15AE820BE5D4B00AF7C89 /* Debug */ = {
			isa = XCBuildConfiguration;
			buildSettings = {
				ALWAYS_SEARCH_USER_PATHS = NO;
				CLANG_ANALYZER_NONNULL = YES;
				CLANG_ANALYZER_NUMBER_OBJECT_CONVERSION = YES_AGGRESSIVE;
				CLANG_CXX_LANGUAGE_STANDARD = "gnu++14";
				CLANG_CXX_LIBRARY = "libc++";
				CLANG_ENABLE_MODULES = YES;
				CLANG_ENABLE_OBJC_ARC = YES;
				CLANG_ENABLE_OBJC_WEAK = YES;
				CLANG_WARN_BLOCK_CAPTURE_AUTORELEASING = YES;
				CLANG_WARN_BOOL_CONVERSION = YES;
				CLANG_WARN_COMMA = YES;
				CLANG_WARN_CONSTANT_CONVERSION = YES;
				CLANG_WARN_DEPRECATED_OBJC_IMPLEMENTATIONS = YES;
				CLANG_WARN_DIRECT_OBJC_ISA_USAGE = YES_ERROR;
				CLANG_WARN_DOCUMENTATION_COMMENTS = YES;
				CLANG_WARN_EMPTY_BODY = YES;
				CLANG_WARN_ENUM_CONVERSION = YES;
				CLANG_WARN_INFINITE_RECURSION = YES;
				CLANG_WARN_INT_CONVERSION = YES;
				CLANG_WARN_NON_LITERAL_NULL_CONVERSION = YES;
				CLANG_WARN_OBJC_IMPLICIT_RETAIN_SELF = YES;
				CLANG_WARN_OBJC_LITERAL_CONVERSION = YES;
				CLANG_WARN_OBJC_ROOT_CLASS = YES_ERROR;
				CLANG_WARN_RANGE_LOOP_ANALYSIS = YES;
				CLANG_WARN_STRICT_PROTOTYPES = YES;
				CLANG_WARN_SUSPICIOUS_MOVE = YES;
				CLANG_WARN_UNGUARDED_AVAILABILITY = YES_AGGRESSIVE;
				CLANG_WARN_UNREACHABLE_CODE = YES;
				CLANG_WARN__DUPLICATE_METHOD_MATCH = YES;
				CODE_SIGN_IDENTITY = "iPhone Developer";
				COPY_PHASE_STRIP = NO;
				DEBUG_INFORMATION_FORMAT = dwarf;
				ENABLE_STRICT_OBJC_MSGSEND = YES;
				ENABLE_TESTABILITY = YES;
				GCC_C_LANGUAGE_STANDARD = gnu11;
				GCC_DYNAMIC_NO_PIC = NO;
				GCC_NO_COMMON_BLOCKS = YES;
				GCC_OPTIMIZATION_LEVEL = 0;
				GCC_PREPROCESSOR_DEFINITIONS = (
					"DEBUG=1",
					"$(inherited)",
				);
				GCC_WARN_64_TO_32_BIT_CONVERSION = YES;
				GCC_WARN_ABOUT_RETURN_TYPE = YES_ERROR;
				GCC_WARN_UNDECLARED_SELECTOR = YES;
				GCC_WARN_UNINITIALIZED_AUTOS = YES_AGGRESSIVE;
				GCC_WARN_UNUSED_FUNCTION = YES;
				GCC_WARN_UNUSED_VARIABLE = YES;
				IPHONEOS_DEPLOYMENT_TARGET = 11.3;
				MTL_ENABLE_DEBUG_INFO = YES;
				ONLY_ACTIVE_ARCH = YES;
				SDKROOT = iphoneos;
				SWIFT_ACTIVE_COMPILATION_CONDITIONS = DEBUG;
				SWIFT_OPTIMIZATION_LEVEL = "-Onone";
			};
			name = Debug;
		};
		CCA15AE920BE5D4B00AF7C89 /* Release */ = {
			isa = XCBuildConfiguration;
			buildSettings = {
				ALWAYS_SEARCH_USER_PATHS = NO;
				CLANG_ANALYZER_NONNULL = YES;
				CLANG_ANALYZER_NUMBER_OBJECT_CONVERSION = YES_AGGRESSIVE;
				CLANG_CXX_LANGUAGE_STANDARD = "gnu++14";
				CLANG_CXX_LIBRARY = "libc++";
				CLANG_ENABLE_MODULES = YES;
				CLANG_ENABLE_OBJC_ARC = YES;
				CLANG_ENABLE_OBJC_WEAK = YES;
				CLANG_WARN_BLOCK_CAPTURE_AUTORELEASING = YES;
				CLANG_WARN_BOOL_CONVERSION = YES;
				CLANG_WARN_COMMA = YES;
				CLANG_WARN_CONSTANT_CONVERSION = YES;
				CLANG_WARN_DEPRECATED_OBJC_IMPLEMENTATIONS = YES;
				CLANG_WARN_DIRECT_OBJC_ISA_USAGE = YES_ERROR;
				CLANG_WARN_DOCUMENTATION_COMMENTS = YES;
				CLANG_WARN_EMPTY_BODY = YES;
				CLANG_WARN_ENUM_CONVERSION = YES;
				CLANG_WARN_INFINITE_RECURSION = YES;
				CLANG_WARN_INT_CONVERSION = YES;
				CLANG_WARN_NON_LITERAL_NULL_CONVERSION = YES;
				CLANG_WARN_OBJC_IMPLICIT_RETAIN_SELF = YES;
				CLANG_WARN_OBJC_LITERAL_CONVERSION = YES;
				CLANG_WARN_OBJC_ROOT_CLASS = YES_ERROR;
				CLANG_WARN_RANGE_LOOP_ANALYSIS = YES;
				CLANG_WARN_STRICT_PROTOTYPES = YES;
				CLANG_WARN_SUSPICIOUS_MOVE = YES;
				CLANG_WARN_UNGUARDED_AVAILABILITY = YES_AGGRESSIVE;
				CLANG_WARN_UNREACHABLE_CODE = YES;
				CLANG_WARN__DUPLICATE_METHOD_MATCH = YES;
				CODE_SIGN_IDENTITY = "iPhone Developer";
				COPY_PHASE_STRIP = NO;
				DEBUG_INFORMATION_FORMAT = "dwarf-with-dsym";
				ENABLE_NS_ASSERTIONS = NO;
				ENABLE_STRICT_OBJC_MSGSEND = YES;
				GCC_C_LANGUAGE_STANDARD = gnu11;
				GCC_NO_COMMON_BLOCKS = YES;
				GCC_WARN_64_TO_32_BIT_CONVERSION = YES;
				GCC_WARN_ABOUT_RETURN_TYPE = YES_ERROR;
				GCC_WARN_UNDECLARED_SELECTOR = YES;
				GCC_WARN_UNINITIALIZED_AUTOS = YES_AGGRESSIVE;
				GCC_WARN_UNUSED_FUNCTION = YES;
				GCC_WARN_UNUSED_VARIABLE = YES;
				IPHONEOS_DEPLOYMENT_TARGET = 11.3;
				MTL_ENABLE_DEBUG_INFO = NO;
				SDKROOT = iphoneos;
				SWIFT_COMPILATION_MODE = wholemodule;
				SWIFT_OPTIMIZATION_LEVEL = "-O";
				VALIDATE_PRODUCT = YES;
			};
			name = Release;
		};
		CCA15AEB20BE5D4B00AF7C89 /* Debug */ = {
			isa = XCBuildConfiguration;
			buildSettings = {
				ASSETCATALOG_COMPILER_APPICON_NAME = AppIcon;
				CODE_SIGN_STYLE = Automatic;
				DEVELOPMENT_TEAM = 8U7NUH4ZXW;
				INFOPLIST_FILE = FirstAR/Info.plist;
				IPHONEOS_DEPLOYMENT_TARGET = 11.0;
				LD_RUNPATH_SEARCH_PATHS = (
					"$(inherited)",
					"@executable_path/Frameworks",
				);
				PRODUCT_BUNDLE_IDENTIFIER = edu.sjsu.xuy87.FirstAR;
				PRODUCT_NAME = "$(TARGET_NAME)";
				SWIFT_VERSION = 4.0;
				TARGETED_DEVICE_FAMILY = "1,2";
			};
			name = Debug;
		};
		CCA15AEC20BE5D4B00AF7C89 /* Release */ = {
			isa = XCBuildConfiguration;
			buildSettings = {
				ASSETCATALOG_COMPILER_APPICON_NAME = AppIcon;
				CODE_SIGN_STYLE = Automatic;
				DEVELOPMENT_TEAM = 8U7NUH4ZXW;
				INFOPLIST_FILE = FirstAR/Info.plist;
				IPHONEOS_DEPLOYMENT_TARGET = 11.0;
				LD_RUNPATH_SEARCH_PATHS = (
					"$(inherited)",
					"@executable_path/Frameworks",
				);
				PRODUCT_BUNDLE_IDENTIFIER = edu.sjsu.xuy87.FirstAR;
				PRODUCT_NAME = "$(TARGET_NAME)";
				SWIFT_VERSION = 4.0;
				TARGETED_DEVICE_FAMILY = "1,2";
			};
			name = Release;
		};
/* End XCBuildConfiguration section */

/* Begin XCConfigurationList section */
		CCA15AD120BE5D4A00AF7C89 /* Build configuration list for PBXProject "FirstAR" */ = {
			isa = XCConfigurationList;
			buildConfigurations = (
				CCA15AE820BE5D4B00AF7C89 /* Debug */,
				CCA15AE920BE5D4B00AF7C89 /* Release */,
			);
			defaultConfigurationIsVisible = 0;
			defaultConfigurationName = Release;
		};
		CCA15AEA20BE5D4B00AF7C89 /* Build configuration list for PBXNativeTarget "FirstAR" */ = {
			isa = XCConfigurationList;
			buildConfigurations = (
				CCA15AEB20BE5D4B00AF7C89 /* Debug */,
				CCA15AEC20BE5D4B00AF7C89 /* Release */,
			);
			defaultConfigurationIsVisible = 0;
			defaultConfigurationName = Release;
		};
/* End XCConfigurationList section */
	};
	rootObject = CCA15ACE20BE5D4A00AF7C89 /* Project object */;
}
